// !$*UTF8*$!
{
	archiveVersion = 1;
	classes = {
	};
	objectVersion = 55;
	objects = {

/* Begin PBXBuildFile section */
		95D648E32809B4FC00466F5A /* LuizClaro_N01459385_A2App.swift in Sources */ = {isa = PBXBuildFile; fileRef = 95D648E22809B4FC00466F5A /* LuizClaro_N01459385_A2App.swift */; };
		95D648E52809B4FC00466F5A /* ContentView.swift in Sources */ = {isa = PBXBuildFile; fileRef = 95D648E42809B4FC00466F5A /* ContentView.swift */; };
		95D648E72809B4FE00466F5A /* Assets.xcassets in Resources */ = {isa = PBXBuildFile; fileRef = 95D648E62809B4FE00466F5A /* Assets.xcassets */; };
		95D648EA2809B4FE00466F5A /* Preview Assets.xcassets in Resources */ = {isa = PBXBuildFile; fileRef = 95D648E92809B4FE00466F5A /* Preview Assets.xcassets */; };
		95D648F42809B4FF00466F5A /* LuizClaro_N01459385_A2Tests.swift in Sources */ = {isa = PBXBuildFile; fileRef = 95D648F32809B4FF00466F5A /* LuizClaro_N01459385_A2Tests.swift */; };
		95D648FE2809B4FF00466F5A /* LuizClaro_N01459385_A2UITests.swift in Sources */ = {isa = PBXBuildFile; fileRef = 95D648FD2809B4FF00466F5A /* LuizClaro_N01459385_A2UITests.swift */; };
		95D649002809B4FF00466F5A /* LuizClaro_N01459385_A2UITestsLaunchTests.swift in Sources */ = {isa = PBXBuildFile; fileRef = 95D648FF2809B4FF00466F5A /* LuizClaro_N01459385_A2UITestsLaunchTests.swift */; };
/* End PBXBuildFile section */

/* Begin PBXContainerItemProxy section */
		95D648F02809B4FF00466F5A /* PBXContainerItemProxy */ = {
			isa = PBXContainerItemProxy;
			containerPortal = 95D648D72809B4FC00466F5A /* Project object */;
			proxyType = 1;
			remoteGlobalIDString = 95D648DE2809B4FC00466F5A;
			remoteInfo = LuizClaro_N01459385_A2;
		};
		95D648FA2809B4FF00466F5A /* PBXContainerItemProxy */ = {
			isa = PBXContainerItemProxy;
			containerPortal = 95D648D72809B4FC00466F5A /* Project object */;
			proxyType = 1;
			remoteGlobalIDString = 95D648DE2809B4FC00466F5A;
			remoteInfo = LuizClaro_N01459385_A2;
		};
/* End PBXContainerItemProxy section */

/* Begin PBXFileReference section */
		95D648DF2809B4FC00466F5A /* LuizClaro_N01459385_A2.app */ = {isa = PBXFileReference; explicitFileType = wrapper.application; includeInIndex = 0; path = LuizClaro_N01459385_A2.app; sourceTree = BUILT_PRODUCTS_DIR; };
		95D648E22809B4FC00466F5A /* LuizClaro_N01459385_A2App.swift */ = {isa = PBXFileReference; lastKnownFileType = sourcecode.swift; path = LuizClaro_N01459385_A2App.swift; sourceTree = "<group>"; };
		95D648E42809B4FC00466F5A /* ContentView.swift */ = {isa = PBXFileReference; lastKnownFileType = sourcecode.swift; path = ContentView.swift; sourceTree = "<group>"; };
		95D648E62809B4FE00466F5A /* Assets.xcassets */ = {isa = PBXFileReference; lastKnownFileType = folder.assetcatalog; path = Assets.xcassets; sourceTree = "<group>"; };
		95D648E92809B4FE00466F5A /* Preview Assets.xcassets */ = {isa = PBXFileReference; lastKnownFileType = folder.assetcatalog; path = "Preview Assets.xcassets"; sourceTree = "<group>"; };
		95D648EF2809B4FF00466F5A /* LuizClaro_N01459385_A2Tests.xctest */ = {isa = PBXFileReference; explicitFileType = wrapper.cfbundle; includeInIndex = 0; path = LuizClaro_N01459385_A2Tests.xctest; sourceTree = BUILT_PRODUCTS_DIR; };
		95D648F32809B4FF00466F5A /* LuizClaro_N01459385_A2Tests.swift */ = {isa = PBXFileReference; lastKnownFileType = sourcecode.swift; path = LuizClaro_N01459385_A2Tests.swift; sourceTree = "<group>"; };
		95D648F92809B4FF00466F5A /* LuizClaro_N01459385_A2UITests.xctest */ = {isa = PBXFileReference; explicitFileType = wrapper.cfbundle; includeInIndex = 0; path = LuizClaro_N01459385_A2UITests.xctest; sourceTree = BUILT_PRODUCTS_DIR; };
		95D648FD2809B4FF00466F5A /* LuizClaro_N01459385_A2UITests.swift */ = {isa = PBXFileReference; lastKnownFileType = sourcecode.swift; path = LuizClaro_N01459385_A2UITests.swift; sourceTree = "<group>"; };
		95D648FF2809B4FF00466F5A /* LuizClaro_N01459385_A2UITestsLaunchTests.swift */ = {isa = PBXFileReference; lastKnownFileType = sourcecode.swift; path = LuizClaro_N01459385_A2UITestsLaunchTests.swift; sourceTree = "<group>"; };
/* End PBXFileReference section */

/* Begin PBXFrameworksBuildPhase section */
		95D648DC2809B4FC00466F5A /* Frameworks */ = {
			isa = PBXFrameworksBuildPhase;
			buildActionMask = 2147483647;
			files = (
			);
			runOnlyForDeploymentPostprocessing = 0;
		};
		95D648EC2809B4FF00466F5A /* Frameworks */ = {
			isa = PBXFrameworksBuildPhase;
			buildActionMask = 2147483647;
			files = (
			);
			runOnlyForDeploymentPostprocessing = 0;
		};
		95D648F62809B4FF00466F5A /* Frameworks */ = {
			isa = PBXFrameworksBuildPhase;
			buildActionMask = 2147483647;
			files = (
			);
			runOnlyForDeploymentPostprocessing = 0;
		};
/* End PBXFrameworksBuildPhase section */

/* Begin PBXGroup section */
		95D648D62809B4FC00466F5A = {
			isa = PBXGroup;
			children = (
				95D648E12809B4FC00466F5A /* LuizClaro_N01459385_A2 */,
				95D648F22809B4FF00466F5A /* LuizClaro_N01459385_A2Tests */,
				95D648FC2809B4FF00466F5A /* LuizClaro_N01459385_A2UITests */,
				95D648E02809B4FC00466F5A /* Products */,
			);
			sourceTree = "<group>";
		};
		95D648E02809B4FC00466F5A /* Products */ = {
			isa = PBXGroup;
			children = (
				95D648DF2809B4FC00466F5A /* LuizClaro_N01459385_A2.app */,
				95D648EF2809B4FF00466F5A /* LuizClaro_N01459385_A2Tests.xctest */,
				95D648F92809B4FF00466F5A /* LuizClaro_N01459385_A2UITests.xctest */,
			);
			name = Products;
			sourceTree = "<group>";
		};
		95D648E12809B4FC00466F5A /* LuizClaro_N01459385_A2 */ = {
			isa = PBXGroup;
			children = (
				95D648E22809B4FC00466F5A /* LuizClaro_N01459385_A2App.swift */,
				95D648E42809B4FC00466F5A /* ContentView.swift */,
				95D648E62809B4FE00466F5A /* Assets.xcassets */,
				95D648E82809B4FE00466F5A /* Preview Content */,
			);
			path = LuizClaro_N01459385_A2;
			sourceTree = "<group>";
		};
		95D648E82809B4FE00466F5A /* Preview Content */ = {
			isa = PBXGroup;
			children = (
				95D648E92809B4FE00466F5A /* Preview Assets.xcassets */,
			);
			path = "Preview Content";
			sourceTree = "<group>";
		};
		95D648F22809B4FF00466F5A /* LuizClaro_N01459385_A2Tests */ = {
			isa = PBXGroup;
			children = (
				95D648F32809B4FF00466F5A /* LuizClaro_N01459385_A2Tests.swift */,
			);
			path = LuizClaro_N01459385_A2Tests;
			sourceTree = "<group>";
		};
		95D648FC2809B4FF00466F5A /* LuizClaro_N01459385_A2UITests */ = {
			isa = PBXGroup;
			children = (
				95D648FD2809B4FF00466F5A /* LuizClaro_N01459385_A2UITests.swift */,
				95D648FF2809B4FF00466F5A /* LuizClaro_N01459385_A2UITestsLaunchTests.swift */,
			);
			path = LuizClaro_N01459385_A2UITests;
			sourceTree = "<group>";
		};
/* End PBXGroup section */

/* Begin PBXNativeTarget section */
		95D648DE2809B4FC00466F5A /* LuizClaro_N01459385_A2 */ = {
			isa = PBXNativeTarget;
			buildConfigurationList = 95D649032809B4FF00466F5A /* Build configuration list for PBXNativeTarget "LuizClaro_N01459385_A2" */;
			buildPhases = (
				95D648DB2809B4FC00466F5A /* Sources */,
				95D648DC2809B4FC00466F5A /* Frameworks */,
				95D648DD2809B4FC00466F5A /* Resources */,
			);
			buildRules = (
			);
			dependencies = (
			);
			name = LuizClaro_N01459385_A2;
			productName = LuizClaro_N01459385_A2;
			productReference = 95D648DF2809B4FC00466F5A /* LuizClaro_N01459385_A2.app */;
			productType = "com.apple.product-type.application";
		};
		95D648EE2809B4FF00466F5A /* LuizClaro_N01459385_A2Tests */ = {
			isa = PBXNativeTarget;
			buildConfigurationList = 95D649062809B4FF00466F5A /* Build configuration list for PBXNativeTarget "LuizClaro_N01459385_A2Tests" */;
			buildPhases = (
				95D648EB2809B4FF00466F5A /* Sources */,
				95D648EC2809B4FF00466F5A /* Frameworks */,
				95D648ED2809B4FF00466F5A /* Resources */,
			);
			buildRules = (
			);
			dependencies = (
				95D648F12809B4FF00466F5A /* PBXTargetDependency */,
			);
			name = LuizClaro_N01459385_A2Tests;
			productName = LuizClaro_N01459385_A2Tests;
			productReference = 95D648EF2809B4FF00466F5A /* LuizClaro_N01459385_A2Tests.xctest */;
			productType = "com.apple.product-type.bundle.unit-test";
		};
		95D648F82809B4FF00466F5A /* LuizClaro_N01459385_A2UITests */ = {
			isa = PBXNativeTarget;
			buildConfigurationList = 95D649092809B4FF00466F5A /* Build configuration list for PBXNativeTarget "LuizClaro_N01459385_A2UITests" */;
			buildPhases = (
				95D648F52809B4FF00466F5A /* Sources */,
				95D648F62809B4FF00466F5A /* Frameworks */,
				95D648F72809B4FF00466F5A /* Resources */,
			);
			buildRules = (
			);
			dependencies = (
				95D648FB2809B4FF00466F5A /* PBXTargetDependency */,
			);
			name = LuizClaro_N01459385_A2UITests;
			productName = LuizClaro_N01459385_A2UITests;
			productReference = 95D648F92809B4FF00466F5A /* LuizClaro_N01459385_A2UITests.xctest */;
			productType = "com.apple.product-type.bundle.ui-testing";
		};
/* End PBXNativeTarget section */

/* Begin PBXProject section */
		95D648D72809B4FC00466F5A /* Project object */ = {
			isa = PBXProject;
			attributes = {
				BuildIndependentTargetsInParallel = 1;
				LastSwiftUpdateCheck = 1330;
				LastUpgradeCheck = 1330;
				TargetAttributes = {
					95D648DE2809B4FC00466F5A = {
						CreatedOnToolsVersion = 13.3;
					};
					95D648EE2809B4FF00466F5A = {
						CreatedOnToolsVersion = 13.3;
						TestTargetID = 95D648DE2809B4FC00466F5A;
					};
					95D648F82809B4FF00466F5A = {
						CreatedOnToolsVersion = 13.3;
						TestTargetID = 95D648DE2809B4FC00466F5A;
					};
				};
			};
			buildConfigurationList = 95D648DA2809B4FC00466F5A /* Build configuration list for PBXProject "LuizClaro_N01459385_A2" */;
			compatibilityVersion = "Xcode 13.0";
			developmentRegion = en;
			hasScannedForEncodings = 0;
			knownRegions = (
				en,
				Base,
			);
			mainGroup = 95D648D62809B4FC00466F5A;
			productRefGroup = 95D648E02809B4FC00466F5A /* Products */;
			projectDirPath = "";
			projectRoot = "";
			targets = (
				95D648DE2809B4FC00466F5A /* LuizClaro_N01459385_A2 */,
				95D648EE2809B4FF00466F5A /* LuizClaro_N01459385_A2Tests */,
				95D648F82809B4FF00466F5A /* LuizClaro_N01459385_A2UITests */,
			);
		};
/* End PBXProject section */

/* Begin PBXResourcesBuildPhase section */
		95D648DD2809B4FC00466F5A /* Resources */ = {
			isa = PBXResourcesBuildPhase;
			buildActionMask = 2147483647;
			files = (
				95D648EA2809B4FE00466F5A /* Preview Assets.xcassets in Resources */,
				95D648E72809B4FE00466F5A /* Assets.xcassets in Resources */,
			);
			runOnlyForDeploymentPostprocessing = 0;
		};
		95D648ED2809B4FF00466F5A /* Resources */ = {
			isa = PBXResourcesBuildPhase;
			buildActionMask = 2147483647;
			files = (
			);
			runOnlyForDeploymentPostprocessing = 0;
		};
		95D648F72809B4FF00466F5A /* Resources */ = {
			isa = PBXResourcesBuildPhase;
			buildActionMask = 2147483647;
			files = (
			);
			runOnlyForDeploymentPostprocessing = 0;
		};
/* End PBXResourcesBuildPhase section */

/* Begin PBXSourcesBuildPhase section */
		95D648DB2809B4FC00466F5A /* Sources */ = {
			isa = PBXSourcesBuildPhase;
			buildActionMask = 2147483647;
			files = (
				95D648E52809B4FC00466F5A /* ContentView.swift in Sources */,
				95D648E32809B4FC00466F5A /* LuizClaro_N01459385_A2App.swift in Sources */,
			);
			runOnlyForDeploymentPostprocessing = 0;
		};
		95D648EB2809B4FF00466F5A /* Sources */ = {
			isa = PBXSourcesBuildPhase;
			buildActionMask = 2147483647;
			files = (
				95D648F42809B4FF00466F5A /* LuizClaro_N01459385_A2Tests.swift in Sources */,
			);
			runOnlyForDeploymentPostprocessing = 0;
		};
		95D648F52809B4FF00466F5A /* Sources */ = {
			isa = PBXSourcesBuildPhase;
			buildActionMask = 2147483647;
			files = (
				95D648FE2809B4FF00466F5A /* LuizClaro_N01459385_A2UITests.swift in Sources */,
				95D649002809B4FF00466F5A /* LuizClaro_N01459385_A2UITestsLaunchTests.swift in Sources */,
			);
			runOnlyForDeploymentPostprocessing = 0;
		};
/* End PBXSourcesBuildPhase section */

/* Begin PBXTargetDependency section */
		95D648F12809B4FF00466F5A /* PBXTargetDependency */ = {
			isa = PBXTargetDependency;
			target = 95D648DE2809B4FC00466F5A /* LuizClaro_N01459385_A2 */;
			targetProxy = 95D648F02809B4FF00466F5A /* PBXContainerItemProxy */;
		};
		95D648FB2809B4FF00466F5A /* PBXTargetDependency */ = {
			isa = PBXTargetDependency;
			target = 95D648DE2809B4FC00466F5A /* LuizClaro_N01459385_A2 */;
			targetProxy = 95D648FA2809B4FF00466F5A /* PBXContainerItemProxy */;
		};
/* End PBXTargetDependency section */

/* Begin XCBuildConfiguration section */
		95D649012809B4FF00466F5A /* Debug */ = {
			isa = XCBuildConfiguration;
			buildSettings = {
				ALWAYS_SEARCH_USER_PATHS = NO;
				CLANG_ANALYZER_NONNULL = YES;
				CLANG_ANALYZER_NUMBER_OBJECT_CONVERSION = YES_AGGRESSIVE;
				CLANG_CXX_LANGUAGE_STANDARD = "gnu++17";
				CLANG_ENABLE_MODULES = YES;
				CLANG_ENABLE_OBJC_ARC = YES;
				CLANG_ENABLE_OBJC_WEAK = YES;
				CLANG_WARN_BLOCK_CAPTURE_AUTORELEASING = YES;
				CLANG_WARN_BOOL_CONVERSION = YES;
				CLANG_WARN_COMMA = YES;
				CLANG_WARN_CONSTANT_CONVERSION = YES;
				CLANG_WARN_DEPRECATED_OBJC_IMPLEMENTATIONS = YES;
				CLANG_WARN_DIRECT_OBJC_ISA_USAGE = YES_ERROR;
				CLANG_WARN_DOCUMENTATION_COMMENTS = YES;
				CLANG_WARN_EMPTY_BODY = YES;
				CLANG_WARN_ENUM_CONVERSION = YES;
				CLANG_WARN_INFINITE_RECURSION = YES;
				CLANG_WARN_INT_CONVERSION = YES;
				CLANG_WARN_NON_LITERAL_NULL_CONVERSION = YES;
				CLANG_WARN_OBJC_IMPLICIT_RETAIN_SELF = YES;
				CLANG_WARN_OBJC_LITERAL_CONVERSION = YES;
				CLANG_WARN_OBJC_ROOT_CLASS = YES_ERROR;
				CLANG_WARN_QUOTED_INCLUDE_IN_FRAMEWORK_HEADER = YES;
				CLANG_WARN_RANGE_LOOP_ANALYSIS = YES;
				CLANG_WARN_STRICT_PROTOTYPES = YES;
				CLANG_WARN_SUSPICIOUS_MOVE = YES;
				CLANG_WARN_UNGUARDED_AVAILABILITY = YES_AGGRESSIVE;
				CLANG_WARN_UNREACHABLE_CODE = YES;
				CLANG_WARN__DUPLICATE_METHOD_MATCH = YES;
				COPY_PHASE_STRIP = NO;
				DEBUG_INFORMATION_FORMAT = dwarf;
				ENABLE_STRICT_OBJC_MSGSEND = YES;
				ENABLE_TESTABILITY = YES;
				GCC_C_LANGUAGE_STANDARD = gnu11;
				GCC_DYNAMIC_NO_PIC = NO;
				GCC_NO_COMMON_BLOCKS = YES;
				GCC_OPTIMIZATION_LEVEL = 0;
				GCC_PREPROCESSOR_DEFINITIONS = (
					"DEBUG=1",
					"$(inherited)",
				);
				GCC_WARN_64_TO_32_BIT_CONVERSION = YES;
				GCC_WARN_ABOUT_RETURN_TYPE = YES_ERROR;
				GCC_WARN_UNDECLARED_SELECTOR = YES;
				GCC_WARN_UNINITIALIZED_AUTOS = YES_AGGRESSIVE;
				GCC_WARN_UNUSED_FUNCTION = YES;
				GCC_WARN_UNUSED_VARIABLE = YES;
				IPHONEOS_DEPLOYMENT_TARGET = 15.4;
				MTL_ENABLE_DEBUG_INFO = INCLUDE_SOURCE;
				MTL_FAST_MATH = YES;
				ONLY_ACTIVE_ARCH = YES;
				SDKROOT = iphoneos;
				SWIFT_ACTIVE_COMPILATION_CONDITIONS = DEBUG;
				SWIFT_OPTIMIZATION_LEVEL = "-Onone";
			};
			name = Debug;
		};
		95D649022809B4FF00466F5A /* Release */ = {
			isa = XCBuildConfiguration;
			buildSettings = {
				ALWAYS_SEARCH_USER_PATHS = NO;
				CLANG_ANALYZER_NONNULL = YES;
				CLANG_ANALYZER_NUMBER_OBJECT_CONVERSION = YES_AGGRESSIVE;
				CLANG_CXX_LANGUAGE_STANDARD = "gnu++17";
				CLANG_ENABLE_MODULES = YES;
				CLANG_ENABLE_OBJC_ARC = YES;
				CLANG_ENABLE_OBJC_WEAK = YES;
				CLANG_WARN_BLOCK_CAPTURE_AUTORELEASING = YES;
				CLANG_WARN_BOOL_CONVERSION = YES;
				CLANG_WARN_COMMA = YES;
				CLANG_WARN_CONSTANT_CONVERSION = YES;
				CLANG_WARN_DEPRECATED_OBJC_IMPLEMENTATIONS = YES;
				CLANG_WARN_DIRECT_OBJC_ISA_USAGE = YES_ERROR;
				CLANG_WARN_DOCUMENTATION_COMMENTS = YES;
				CLANG_WARN_EMPTY_BODY = YES;
				CLANG_WARN_ENUM_CONVERSION = YES;
				CLANG_WARN_INFINITE_RECURSION = YES;
				CLANG_WARN_INT_CONVERSION = YES;
				CLANG_WARN_NON_LITERAL_NULL_CONVERSION = YES;
				CLANG_WARN_OBJC_IMPLICIT_RETAIN_SELF = YES;
				CLANG_WARN_OBJC_LITERAL_CONVERSION = YES;
				CLANG_WARN_OBJC_ROOT_CLASS = YES_ERROR;
				CLANG_WARN_QUOTED_INCLUDE_IN_FRAMEWORK_HEADER = YES;
				CLANG_WARN_RANGE_LOOP_ANALYSIS = YES;
				CLANG_WARN_STRICT_PROTOTYPES = YES;
				CLANG_WARN_SUSPICIOUS_MOVE = YES;
				CLANG_WARN_UNGUARDED_AVAILABILITY = YES_AGGRESSIVE;
				CLANG_WARN_UNREACHABLE_CODE = YES;
				CLANG_WARN__DUPLICATE_METHOD_MATCH = YES;
				COPY_PHASE_STRIP = NO;
				DEBUG_INFORMATION_FORMAT = "dwarf-with-dsym";
				ENABLE_NS_ASSERTIONS = NO;
				ENABLE_STRICT_OBJC_MSGSEND = YES;
				GCC_C_LANGUAGE_STANDARD = gnu11;
				GCC_NO_COMMON_BLOCKS = YES;
				GCC_WARN_64_TO_32_BIT_CONVERSION = YES;
				GCC_WARN_ABOUT_RETURN_TYPE = YES_ERROR;
				GCC_WARN_UNDECLARED_SELECTOR = YES;
				GCC_WARN_UNINITIALIZED_AUTOS = YES_AGGRESSIVE;
				GCC_WARN_UNUSED_FUNCTION = YES;
				GCC_WARN_UNUSED_VARIABLE = YES;
				IPHONEOS_DEPLOYMENT_TARGET = 15.4;
				MTL_ENABLE_DEBUG_INFO = NO;
				MTL_FAST_MATH = YES;
				SDKROOT = iphoneos;
				SWIFT_COMPILATION_MODE = wholemodule;
				SWIFT_OPTIMIZATION_LEVEL = "-O";
				VALIDATE_PRODUCT = YES;
			};
			name = Release;
		};
		95D649042809B4FF00466F5A /* Debug */ = {
			isa = XCBuildConfiguration;
			buildSettings = {
				ASSETCATALOG_COMPILER_APPICON_NAME = AppIcon;
				ASSETCATALOG_COMPILER_GLOBAL_ACCENT_COLOR_NAME = AccentColor;
				CODE_SIGN_STYLE = Automatic;
				CURRENT_PROJECT_VERSION = 1;
				DEVELOPMENT_ASSET_PATHS = "\"LuizClaro_N01459385_A2/Preview Content\"";
				DEVELOPMENT_TEAM = W55N9X4F39;
				ENABLE_PREVIEWS = YES;
				GENERATE_INFOPLIST_FILE = YES;
				INFOPLIST_KEY_UIApplicationSceneManifest_Generation = YES;
				INFOPLIST_KEY_UIApplicationSupportsIndirectInputEvents = YES;
				INFOPLIST_KEY_UILaunchScreen_Generation = YES;
				INFOPLIST_KEY_UISupportedInterfaceOrientations_iPad = "UIInterfaceOrientationPortrait UIInterfaceOrientationPortraitUpsideDown UIInterfaceOrientationLandscapeLeft UIInterfaceOrientationLandscapeRight";
				INFOPLIST_KEY_UISupportedInterfaceOrientations_iPhone = "UIInterfaceOrientationPortrait UIInterfaceOrientationLandscapeLeft UIInterfaceOrientationLandscapeRight";
				LD_RUNPATH_SEARCH_PATHS = (
					"$(inherited)",
					"@executable_path/Frameworks",
				);
				MARKETING_VERSION = 1.0;
				PRODUCT_BUNDLE_IDENTIFIER = "com.humber.LuizClaro-N01459385-A2";
				PRODUCT_NAME = "$(TARGET_NAME)";
				SWIFT_EMIT_LOC_STRINGS = YES;
				SWIFT_VERSION = 5.0;
				TARGETED_DEVICE_FAMILY = "1,2";
			};
			name = Debug;
		};
		95D649052809B4FF00466F5A /* Release */ = {
			isa = XCBuildConfiguration;
			buildSettings = {
				ASSETCATALOG_COMPILER_APPICON_NAME = AppIcon;
				ASSETCATALOG_COMPILER_GLOBAL_ACCENT_COLOR_NAME = AccentColor;
				CODE_SIGN_STYLE = Automatic;
				CURRENT_PROJECT_VERSION = 1;
				DEVELOPMENT_ASSET_PATHS = "\"LuizClaro_N01459385_A2/Preview Content\"";
				DEVELOPMENT_TEAM = W55N9X4F39;
				ENABLE_PREVIEWS = YES;
				GENERATE_INFOPLIST_FILE = YES;
				INFOPLIST_KEY_UIApplicationSceneManifest_Generation = YES;
				INFOPLIST_KEY_UIApplicationSupportsIndirectInputEvents = YES;
				INFOPLIST_KEY_UILaunchScreen_Generation = YES;
				INFOPLIST_KEY_UISupportedInterfaceOrientations_iPad = "UIInterfaceOrientationPortrait UIInterfaceOrientationPortraitUpsideDown UIInterfaceOrientationLandscapeLeft UIInterfaceOrientationLandscapeRight";
				INFOPLIST_KEY_UISupportedInterfaceOrientations_iPhone = "UIInterfaceOrientationPortrait UIInterfaceOrientationLandscapeLeft UIInterfaceOrientationLandscapeRight";
				LD_RUNPATH_SEARCH_PATHS = (
					"$(inherited)",
					"@executable_path/Frameworks",
				);
				MARKETING_VERSION = 1.0;
				PRODUCT_BUNDLE_IDENTIFIER = "com.humber.LuizClaro-N01459385-A2";
				PRODUCT_NAME = "$(TARGET_NAME)";
				SWIFT_EMIT_LOC_STRINGS = YES;
				SWIFT_VERSION = 5.0;
				TARGETED_DEVICE_FAMILY = "1,2";
			};
			name = Release;
		};
		95D649072809B4FF00466F5A /* Debug */ = {
			isa = XCBuildConfiguration;
			buildSettings = {
				ALWAYS_EMBED_SWIFT_STANDARD_LIBRARIES = YES;
				BUNDLE_LOADER = "$(TEST_HOST)";
				CODE_SIGN_STYLE = Automatic;
				CURRENT_PROJECT_VERSION = 1;
				DEVELOPMENT_TEAM = W55N9X4F39;
				GENERATE_INFOPLIST_FILE = YES;
				IPHONEOS_DEPLOYMENT_TARGET = 15.4;
				MARKETING_VERSION = 1.0;
				PRODUCT_BUNDLE_IDENTIFIER = "com.humber.LuizClaro-N01459385-A2Tests";
				PRODUCT_NAME = "$(TARGET_NAME)";
				SWIFT_EMIT_LOC_STRINGS = NO;
				SWIFT_VERSION = 5.0;
				TARGETED_DEVICE_FAMILY = "1,2";
				TEST_HOST = "$(BUILT_PRODUCTS_DIR)/LuizClaro_N01459385_A2.app/LuizClaro_N01459385_A2";
			};
			name = Debug;
		};
		95D649082809B4FF00466F5A /* Release */ = {
			isa = XCBuildConfiguration;
			buildSettings = {
				ALWAYS_EMBED_SWIFT_STANDARD_LIBRARIES = YES;
				BUNDLE_LOADER = "$(TEST_HOST)";
				CODE_SIGN_STYLE = Automatic;
				CURRENT_PROJECT_VERSION = 1;
				DEVELOPMENT_TEAM = W55N9X4F39;
				GENERATE_INFOPLIST_FILE = YES;
				IPHONEOS_DEPLOYMENT_TARGET = 15.4;
				MARKETING_VERSION = 1.0;
				PRODUCT_BUNDLE_IDENTIFIER = "com.humber.LuizClaro-N01459385-A2Tests";
				PRODUCT_NAME = "$(TARGET_NAME)";
				SWIFT_EMIT_LOC_STRINGS = NO;
				SWIFT_VERSION = 5.0;
				TARGETED_DEVICE_FAMILY = "1,2";
				TEST_HOST = "$(BUILT_PRODUCTS_DIR)/LuizClaro_N01459385_A2.app/LuizClaro_N01459385_A2";
			};
			name = Release;
		};
		95D6490A2809B4FF00466F5A /* Debug */ = {
			isa = XCBuildConfiguration;
			buildSettings = {
				ALWAYS_EMBED_SWIFT_STANDARD_LIBRARIES = YES;
				CODE_SIGN_STYLE = Automatic;
				CURRENT_PROJECT_VERSION = 1;
				DEVELOPMENT_TEAM = W55N9X4F39;
				GENERATE_INFOPLIST_FILE = YES;
				MARKETING_VERSION = 1.0;
				PRODUCT_BUNDLE_IDENTIFIER = "com.humber.LuizClaro-N01459385-A2UITests";
				PRODUCT_NAME = "$(TARGET_NAME)";
				SWIFT_EMIT_LOC_STRINGS = NO;
				SWIFT_VERSION = 5.0;
				TARGETED_DEVICE_FAMILY = "1,2";
				TEST_TARGET_NAME = LuizClaro_N01459385_A2;
			};
			name = Debug;
		};
		95D6490B2809B4FF00466F5A /* Release */ = {
			isa = XCBuildConfiguration;
			buildSettings = {
				ALWAYS_EMBED_SWIFT_STANDARD_LIBRARIES = YES;
				CODE_SIGN_STYLE = Automatic;
				CURRENT_PROJECT_VERSION = 1;
				DEVELOPMENT_TEAM = W55N9X4F39;
				GENERATE_INFOPLIST_FILE = YES;
				MARKETING_VERSION = 1.0;
				PRODUCT_BUNDLE_IDENTIFIER = "com.humber.LuizClaro-N01459385-A2UITests";
				PRODUCT_NAME = "$(TARGET_NAME)";
				SWIFT_EMIT_LOC_STRINGS = NO;
				SWIFT_VERSION = 5.0;
				TARGETED_DEVICE_FAMILY = "1,2";
				TEST_TARGET_NAME = LuizClaro_N01459385_A2;
			};
			name = Release;
		};
/* End XCBuildConfiguration section */

/* Begin XCConfigurationList section */
		95D648DA2809B4FC00466F5A /* Build configuration list for PBXProject "LuizClaro_N01459385_A2" */ = {
			isa = XCConfigurationList;
			buildConfigurations = (
				95D649012809B4FF00466F5A /* Debug */,
				95D649022809B4FF00466F5A /* Release */,
			);
			defaultConfigurationIsVisible = 0;
			defaultConfigurationName = Release;
		};
		95D649032809B4FF00466F5A /* Build configuration list for PBXNativeTarget "LuizClaro_N01459385_A2" */ = {
			isa = XCConfigurationList;
			buildConfigurations = (
				95D649042809B4FF00466F5A /* Debug */,
				95D649052809B4FF00466F5A /* Release */,
			);
			defaultConfigurationIsVisible = 0;
			defaultConfigurationName = Release;
		};
		95D649062809B4FF00466F5A /* Build configuration list for PBXNativeTarget "LuizClaro_N01459385_A2Tests" */ = {
			isa = XCConfigurationList;
			buildConfigurations = (
				95D649072809B4FF00466F5A /* Debug */,
				95D649082809B4FF00466F5A /* Release */,
			);
			defaultConfigurationIsVisible = 0;
			defaultConfigurationName = Release;
		};
		95D649092809B4FF00466F5A /* Build configuration list for PBXNativeTarget "LuizClaro_N01459385_A2UITests" */ = {
			isa = XCConfigurationList;
			buildConfigurations = (
				95D6490A2809B4FF00466F5A /* Debug */,
				95D6490B2809B4FF00466F5A /* Release */,
			);
			defaultConfigurationIsVisible = 0;
			defaultConfigurationName = Release;
		};
/* End XCConfigurationList section */
	};
	rootObject = 95D648D72809B4FC00466F5A /* Project object */;
}
